
Microsoft Visual Studio Solution File, Format Version 12.00
# Visual Studio Version 17
VisualStudioVersion = 17.0.31903.59
MinimumVisualStudioVersion = 10.0.40219.1
Project("{2150E333-8FDC-42A3-9474-1A3956D46DE8}") = "src", "src", "{827E0CD3-B72D-47B6-A68D-7590B98EB39B}"
EndProject
Project("{FAE04EC0-301F-11D3-BF4B-00C04F79EFBC}") = "Marketplace.Data", "src\Marketplace.Data\Marketplace.Data.csproj", "{71F8337C-82E9-426A-8A1B-4A72DA75B40D}"
EndProject
Project("{FAE04EC0-301F-11D3-BF4B-00C04F79EFBC}") = "Marketplace.Business", "src\Marketplace.Business\Marketplace.Business.csproj", "{309F8F02-34AB-41AB-A3E7-4A33DE30C9A8}"
EndProject
Project("{FAE04EC0-301F-11D3-BF4B-00C04F79EFBC}") = "Marketplace.Presentation", "src\Marketplace.Presentation\Marketplace.Presentation.csproj", "{DF14CA1D-D461-4AE5-A40E-188D82C61C4A}"
EndProject
Project("{2150E333-8FDC-42A3-9474-1A3956D46DE8}") = "tests", "tests", "{0AB3BF05-4346-4AA6-1389-037BE0695223}"
EndProject
Project("{FAE04EC0-301F-11D3-BF4B-00C04F79EFBC}") = "Marketplace.Tests", "tests\Marketplace.Tests\Marketplace.Tests.csproj", "{5C405E1D-562F-4786-9682-503F99F9494D}"
EndProject
Global
	GlobalSection(SolutionConfigurationPlatforms) = preSolution
		Debug|Any CPU = Debug|Any CPU
		Debug|x64 = Debug|x64
		Debug|x86 = Debug|x86
		Release|Any CPU = Release|Any CPU
		Release|x64 = Release|x64
		Release|x86 = Release|x86
	EndGlobalSection
	GlobalSection(ProjectConfigurationPlatforms) = postSolution
		{71F8337C-82E9-426A-8A1B-4A72DA75B40D}.Debug|Any CPU.ActiveCfg = Debug|Any CPU
		{71F8337C-82E9-426A-8A1B-4A72DA75B40D}.Debug|Any CPU.Build.0 = Debug|Any CPU
		{71F8337C-82E9-426A-8A1B-4A72DA75B40D}.Debug|x64.ActiveCfg = Debug|Any CPU
		{71F8337C-82E9-426A-8A1B-4A72DA75B40D}.Debug|x64.Build.0 = Debug|Any CPU
		{71F8337C-82E9-426A-8A1B-4A72DA75B40D}.Debug|x86.ActiveCfg = Debug|Any CPU
		{71F8337C-82E9-426A-8A1B-4A72DA75B40D}.Debug|x86.Build.0 = Debug|Any CPU
		{71F8337C-82E9-426A-8A1B-4A72DA75B40D}.Release|Any CPU.ActiveCfg = Release|Any CPU
		{71F8337C-82E9-426A-8A1B-4A72DA75B40D}.Release|Any CPU.Build.0 = Release|Any CPU
		{71F8337C-82E9-426A-8A1B-4A72DA75B40D}.Release|x64.ActiveCfg = Release|Any CPU
		{71F8337C-82E9-426A-8A1B-4A72DA75B40D}.Release|x64.Build.0 = Release|Any CPU
		{71F8337C-82E9-426A-8A1B-4A72DA75B40D}.Release|x86.ActiveCfg = Release|Any CPU
		{71F8337C-82E9-426A-8A1B-4A72DA75B40D}.Release|x86.Build.0 = Release|Any CPU
		{309F8F02-34AB-41AB-A3E7-4A33DE30C9A8}.Debug|Any CPU.ActiveCfg = Debug|Any CPU
		{309F8F02-34AB-41AB-A3E7-4A33DE30C9A8}.Debug|Any CPU.Build.0 = Debug|Any CPU
		{309F8F02-34AB-41AB-A3E7-4A33DE30C9A8}.Debug|x64.ActiveCfg = Debug|Any CPU
		{309F8F02-34AB-41AB-A3E7-4A33DE30C9A8}.Debug|x64.Build.0 = Debug|Any CPU
		{309F8F02-34AB-41AB-A3E7-4A33DE30C9A8}.Debug|x86.ActiveCfg = Debug|Any CPU
		{309F8F02-34AB-41AB-A3E7-4A33DE30C9A8}.Debug|x86.Build.0 = Debug|Any CPU
		{309F8F02-34AB-41AB-A3E7-4A33DE30C9A8}.Release|Any CPU.ActiveCfg = Release|Any CPU
		{309F8F02-34AB-41AB-A3E7-4A33DE30C9A8}.Release|Any CPU.Build.0 = Release|Any CPU
		{309F8F02-34AB-41AB-A3E7-4A33DE30C9A8}.Release|x64.ActiveCfg = Release|Any CPU
		{309F8F02-34AB-41AB-A3E7-4A33DE30C9A8}.Release|x64.Build.0 = Release|Any CPU
		{309F8F02-34AB-41AB-A3E7-4A33DE30C9A8}.Release|x86.ActiveCfg = Release|Any CPU
		{309F8F02-34AB-41AB-A3E7-4A33DE30C9A8}.Release|x86.Build.0 = Release|Any CPU
		{DF14CA1D-D461-4AE5-A40E-188D82C61C4A}.Debug|Any CPU.ActiveCfg = Debug|Any CPU
		{DF14CA1D-D461-4AE5-A40E-188D82C61C4A}.Debug|Any CPU.Build.0 = Debug|Any CPU
		{DF14CA1D-D461-4AE5-A40E-188D82C61C4A}.Debug|x64.ActiveCfg = Debug|Any CPU
		{DF14CA1D-D461-4AE5-A40E-188D82C61C4A}.Debug|x64.Build.0 = Debug|Any CPU
		{DF14CA1D-D461-4AE5-A40E-188D82C61C4A}.Debug|x86.ActiveCfg = Debug|Any CPU
		{DF14CA1D-D461-4AE5-A40E-188D82C61C4A}.Debug|x86.Build.0 = Debug|Any CPU
		{DF14CA1D-D461-4AE5-A40E-188D82C61C4A}.Release|Any CPU.ActiveCfg = Release|Any CPU
		{DF14CA1D-D461-4AE5-A40E-188D82C61C4A}.Release|Any CPU.Build.0 = Release|Any CPU
		{DF14CA1D-D461-4AE5-A40E-188D82C61C4A}.Release|x64.ActiveCfg = Release|Any CPU
		{DF14CA1D-D461-4AE5-A40E-188D82C61C4A}.Release|x64.Build.0 = Release|Any CPU
		{DF14CA1D-D461-4AE5-A40E-188D82C61C4A}.Release|x86.ActiveCfg = Release|Any CPU
		{DF14CA1D-D461-4AE5-A40E-188D82C61C4A}.Release|x86.Build.0 = Release|Any CPU
		{5C405E1D-562F-4786-9682-503F99F9494D}.Debug|Any CPU.ActiveCfg = Debug|Any CPU
		{5C405E1D-562F-4786-9682-503F99F9494D}.Debug|Any CPU.Build.0 = Debug|Any CPU
		{5C405E1D-562F-4786-9682-503F99F9494D}.Debug|x64.ActiveCfg = Debug|Any CPU
		{5C405E1D-562F-4786-9682-503F99F9494D}.Debug|x64.Build.0 = Debug|Any CPU
		{5C405E1D-562F-4786-9682-503F99F9494D}.Debug|x86.ActiveCfg = Debug|Any CPU
		{5C405E1D-562F-4786-9682-503F99F9494D}.Debug|x86.Build.0 = Debug|Any CPU
		{5C405E1D-562F-4786-9682-503F99F9494D}.Release|Any CPU.ActiveCfg = Release|Any CPU
		{5C405E1D-562F-4786-9682-503F99F9494D}.Release|Any CPU.Build.0 = Release|Any CPU
		{5C405E1D-562F-4786-9682-503F99F9494D}.Release|x64.ActiveCfg = Release|Any CPU
		{5C405E1D-562F-4786-9682-503F99F9494D}.Release|x64.Build.0 = Release|Any CPU
		{5C405E1D-562F-4786-9682-503F99F9494D}.Release|x86.ActiveCfg = Release|Any CPU
		{5C405E1D-562F-4786-9682-503F99F9494D}.Release|x86.Build.0 = Release|Any CPU
	EndGlobalSection
	GlobalSection(SolutionProperties) = preSolution
		HideSolutionNode = FALSE
		StartProject = {DF14CA1D-D461-4AE5-A40E-188D82C61C4A}
	EndGlobalSection
	GlobalSection(NestedProjects) = preSolution
		{71F8337C-82E9-426A-8A1B-4A72DA75B40D} = {827E0CD3-B72D-47B6-A68D-7590B98EB39B}
		{309F8F02-34AB-41AB-A3E7-4A33DE30C9A8} = {827E0CD3-B72D-47B6-A68D-7590B98EB39B}
		{DF14CA1D-D461-4AE5-A40E-188D82C61C4A} = {827E0CD3-B72D-47B6-A68D-7590B98EB39B}
		{5C405E1D-562F-4786-9682-503F99F9494D} = {0AB3BF05-4346-4AA6-1389-037BE0695223}
	EndGlobalSection
EndGlobal
